github.com/tdewolff/parse/v2 v2.6.8 h1:mhNZXYCx//xG7Yq2e/kVLNZw4YfYmeHbhx+Zc0OvFMA=
github.com/tdewolff/parse/v2 v2.6.8/go.mod h1:XHDhaU6IBgsryfdnpzUXBlT6leW/l25yrFBTEb4eIyM=
github.com/tdewolff/test v1.0.9 h1:SswqJCmeN4B+9gEAi/5uqT0qpi1y2/2O47V/1hhGZT0=
github.com/tdewolff/test v1.0.9/go.mod h1:6DAvZliBAAnD7rhVgwaM7DE5/d9NMOAJ09SqYqeK4QE=
